{
  "nodes": {
    "flakeNimbleLib": {
      "inputs": {
        "nixpkgs": [
          "nixpkgs"
        ]
      },
      "locked": {
        "lastModified": 1662018438,
        "narHash": "sha256-QtNtU6+LX3Wokxf0zlFwKTFOcn6TeDjKQZ+DA9OYtvM=",
        "owner": "riinr",
        "repo": "nim-flakes-lib",
        "rev": "b1fe8340736e3a85d25c709ac3dfd82a55c03cbf",
        "type": "github"
      },
      "original": {
        "owner": "riinr",
        "ref": "master",
        "repo": "nim-flakes-lib",
        "type": "github"
      }
    },
    "nixpkgs": {
      "locked": {
        "lastModified": 1667110639,
        "narHash": "sha256-4FbPESZ5LbqQxkJJJBAfk/zKgF9h/4kyUwjjpJwYlbc=",
        "owner": "NixOS",
        "repo": "nixpkgs",
        "rev": "f38a1f04d1bec1feb61fd101a0539ae2002a7087",
        "type": "github"
      },
      "original": {
        "id": "nixpkgs",
        "type": "indirect"
      }
    },
    "png-master": {
      "inputs": {
        "flakeNimbleLib": [
          "flakeNimbleLib"
        ],
        "nixpkgs": [
          "nixpkgs"
        ],
        "src-png-master": "src-png-master"
      },
      "locked": {
        "dir": "master",
        "lastModified": 1662254748,
        "narHash": "sha256-ajmEVR8a2aGU+Fm0PCJ4GKFC4ZA6aV46joDzRh6oNuA=",
        "owner": "nim-nix-pkgs",
        "repo": "png",
        "rev": "c5ff6988eede4713a1dba4742dff014135776b29",
        "type": "github"
      },
      "original": {
        "dir": "master",
        "owner": "nim-nix-pkgs",
        "ref": "master",
        "repo": "png",
        "type": "github"
      }
    },
    "root": {
      "inputs": {
        "flakeNimbleLib": "flakeNimbleLib",
        "nixpkgs": "nixpkgs",
        "png-master": "png-master"
      }
    },
    "src-png-master": {
      "flake": false,
      "locked": {
        "lastModified": 1512164644,
        "narHash": "sha256-2Uxw1dmkkcOAZiPmQFhEyfk1m8rVHTGarGhzPNwMChA=",
        "owner": "barcharcraz",
        "repo": "nimlibpng",
        "rev": "011673a6e7b25e14cf5047d8f9ab6a84040239b6",
        "type": "github"
      },
      "original": {
        "owner": "barcharcraz",
        "ref": "refs/heads/master",
        "repo": "nimlibpng",
        "type": "github"
      }
    }
  },
  "root": "root",
  "version": 7
}
