{
  "nodes": {
    "flakeNimbleLib": {
      "inputs": {
        "nixpkgs": [
          "nixpkgs"
        ]
      },
      "locked": {
        "lastModified": 1662018438,
        "narHash": "sha256-QtNtU6+LX3Wokxf0zlFwKTFOcn6TeDjKQZ+DA9OYtvM=",
        "owner": "riinr",
        "repo": "nim-flakes-lib",
        "rev": "b1fe8340736e3a85d25c709ac3dfd82a55c03cbf",
        "type": "github"
      },
      "original": {
        "owner": "riinr",
        "ref": "master",
        "repo": "nim-flakes-lib",
        "type": "github"
      }
    },
    "nixpkgs": {
      "locked": {
        "lastModified": 1667199707,
        "narHash": "sha256-I2Js3Y7gUyVSEXPULHlBoRek4Lh85vnevdS6mdvDNLI=",
        "owner": "NixOS",
        "repo": "nixpkgs",
        "rev": "ced197be72099edcfa68ebed8b87af7b04851f45",
        "type": "github"
      },
      "original": {
        "id": "nixpkgs",
        "type": "indirect"
      }
    },
    "png-master": {
      "inputs": {
        "flakeNimbleLib": [
          "flakeNimbleLib"
        ],
        "nixpkgs": [
          "nixpkgs"
        ],
        "src-png-master": "src-png-master"
      },
      "locked": {
        "dir": "master",
        "lastModified": 1667322588,
        "narHash": "sha256-sX1P3zXC7yei8CuO3PsAcG6a+e4IctG2RraD1VJsO94=",
        "owner": "nim-nix-pkgs",
        "repo": "png",
        "rev": "ae617bcfbeec84f46632e8ca74bda9849dc86bfe",
        "type": "github"
      },
      "original": {
        "dir": "master",
        "owner": "nim-nix-pkgs",
        "ref": "master",
        "repo": "png",
        "type": "github"
      }
    },
    "root": {
      "inputs": {
        "flakeNimbleLib": "flakeNimbleLib",
        "nixpkgs": "nixpkgs",
        "png-master": "png-master"
      }
    },
    "src-png-master": {
      "flake": false,
      "locked": {
        "lastModified": 1512164644,
        "narHash": "sha256-2Uxw1dmkkcOAZiPmQFhEyfk1m8rVHTGarGhzPNwMChA=",
        "owner": "barcharcraz",
        "repo": "nimlibpng",
        "rev": "011673a6e7b25e14cf5047d8f9ab6a84040239b6",
        "type": "github"
      },
      "original": {
        "owner": "barcharcraz",
        "ref": "refs/heads/master",
        "repo": "nimlibpng",
        "type": "github"
      }
    }
  },
  "root": "root",
  "version": 7
}
